// !$*UTF8*$!
{
	archiveVersion = 1;
	classes = {
	};
	objectVersion = 46;
	objects = {

/* Begin PBXBuildFile section */
		341BEF3F1B163674006FB372 /* main.m in Sources */ = {isa = PBXBuildFile; fileRef = 341BEF3E1B163674006FB372 /* main.m */; };
		341BEF421B163674006FB372 /* AppDelegate.m in Sources */ = {isa = PBXBuildFile; fileRef = 341BEF411B163674006FB372 /* AppDelegate.m */; };
		341BEF451B163674006FB372 /* ViewController.m in Sources */ = {isa = PBXBuildFile; fileRef = 341BEF441B163674006FB372 /* ViewController.m */; };
		341BEF481B163674006FB372 /* Main.storyboard in Resources */ = {isa = PBXBuildFile; fileRef = 341BEF461B163674006FB372 /* Main.storyboard */; };
		341BEF4A1B163674006FB372 /* Images.xcassets in Resources */ = {isa = PBXBuildFile; fileRef = 341BEF491B163674006FB372 /* Images.xcassets */; };
		341BEF4D1B163674006FB372 /* LaunchScreen.xib in Resources */ = {isa = PBXBuildFile; fileRef = 341BEF4B1B163674006FB372 /* LaunchScreen.xib */; };
		341BEF591B163674006FB372 /* FactionTests.m in Sources */ = {isa = PBXBuildFile; fileRef = 341BEF581B163674006FB372 /* FactionTests.m */; };
		341BEF631B164DB4006FB372 /* AVFoundation.framework in Frameworks */ = {isa = PBXBuildFile; fileRef = 341BEF621B164DB4006FB372 /* AVFoundation.framework */; };
		34FCEC341B18C27600B68EEC /* shutter.png in Resources */ = {isa = PBXBuildFile; fileRef = 34FCEC331B18C27600B68EEC /* shutter.png */; };
		34FCEC371B18DA1700B68EEC /* ImageViewController.m in Sources */ = {isa = PBXBuildFile; fileRef = 34FCEC361B18DA1700B68EEC /* ImageViewController.m */; };
		34FCEC391B18FF6200B68EEC /* reverse_camera.png in Resources */ = {isa = PBXBuildFile; fileRef = 34FCEC381B18FF6200B68EEC /* reverse_camera.png */; };
/* End PBXBuildFile section */

/* Begin PBXContainerItemProxy section */
		341BEF531B163674006FB372 /* PBXContainerItemProxy */ = {
			isa = PBXContainerItemProxy;
			containerPortal = 341BEF311B163674006FB372 /* Project object */;
			proxyType = 1;
			remoteGlobalIDString = 341BEF381B163674006FB372;
			remoteInfo = Faction;
		};
/* End PBXContainerItemProxy section */

/* Begin PBXFileReference section */
		341BEF391B163674006FB372 /* Faction.app */ = {isa = PBXFileReference; explicitFileType = wrapper.application; includeInIndex = 0; path = Faction.app; sourceTree = BUILT_PRODUCTS_DIR; };
		341BEF3D1B163674006FB372 /* Info.plist */ = {isa = PBXFileReference; lastKnownFileType = text.plist.xml; path = Info.plist; sourceTree = "<group>"; };
		341BEF3E1B163674006FB372 /* main.m */ = {isa = PBXFileReference; lastKnownFileType = sourcecode.c.objc; path = main.m; sourceTree = "<group>"; };
		341BEF401B163674006FB372 /* AppDelegate.h */ = {isa = PBXFileReference; lastKnownFileType = sourcecode.c.h; path = AppDelegate.h; sourceTree = "<group>"; };
		341BEF411B163674006FB372 /* AppDelegate.m */ = {isa = PBXFileReference; lastKnownFileType = sourcecode.c.objc; path = AppDelegate.m; sourceTree = "<group>"; };
		341BEF431B163674006FB372 /* ViewController.h */ = {isa = PBXFileReference; lastKnownFileType = sourcecode.c.h; path = ViewController.h; sourceTree = "<group>"; };
		341BEF441B163674006FB372 /* ViewController.m */ = {isa = PBXFileReference; lastKnownFileType = sourcecode.c.objc; path = ViewController.m; sourceTree = "<group>"; };
		341BEF471B163674006FB372 /* Base */ = {isa = PBXFileReference; lastKnownFileType = file.storyboard; name = Base; path = Base.lproj/Main.storyboard; sourceTree = "<group>"; };
		341BEF491B163674006FB372 /* Images.xcassets */ = {isa = PBXFileReference; lastKnownFileType = folder.assetcatalog; path = Images.xcassets; sourceTree = "<group>"; };
		341BEF4C1B163674006FB372 /* Base */ = {isa = PBXFileReference; lastKnownFileType = file.xib; name = Base; path = Base.lproj/LaunchScreen.xib; sourceTree = "<group>"; };
		341BEF521B163674006FB372 /* FactionTests.xctest */ = {isa = PBXFileReference; explicitFileType = wrapper.cfbundle; includeInIndex = 0; path = FactionTests.xctest; sourceTree = BUILT_PRODUCTS_DIR; };
		341BEF571B163674006FB372 /* Info.plist */ = {isa = PBXFileReference; lastKnownFileType = text.plist.xml; path = Info.plist; sourceTree = "<group>"; };
		341BEF581B163674006FB372 /* FactionTests.m */ = {isa = PBXFileReference; lastKnownFileType = sourcecode.c.objc; path = FactionTests.m; sourceTree = "<group>"; };
		341BEF621B164DB4006FB372 /* AVFoundation.framework */ = {isa = PBXFileReference; lastKnownFileType = wrapper.framework; name = AVFoundation.framework; path = System/Library/Frameworks/AVFoundation.framework; sourceTree = SDKROOT; };
		34FCEC331B18C27600B68EEC /* shutter.png */ = {isa = PBXFileReference; lastKnownFileType = image.png; name = shutter.png; path = ../../../../Desktop/shutter.png; sourceTree = "<group>"; };
		34FCEC351B18DA1700B68EEC /* ImageViewController.h */ = {isa = PBXFileReference; fileEncoding = 4; lastKnownFileType = sourcecode.c.h; path = ImageViewController.h; sourceTree = "<group>"; };
		34FCEC361B18DA1700B68EEC /* ImageViewController.m */ = {isa = PBXFileReference; fileEncoding = 4; lastKnownFileType = sourcecode.c.objc; path = ImageViewController.m; sourceTree = "<group>"; };
		34FCEC381B18FF6200B68EEC /* reverse_camera.png */ = {isa = PBXFileReference; lastKnownFileType = image.png; name = reverse_camera.png; path = ../../../../Desktop/reverse_camera.png; sourceTree = "<group>"; };
/* End PBXFileReference section */

/* Begin PBXFrameworksBuildPhase section */
		341BEF361B163674006FB372 /* Frameworks */ = {
			isa = PBXFrameworksBuildPhase;
			buildActionMask = 2147483647;
			files = (
				341BEF631B164DB4006FB372 /* AVFoundation.framework in Frameworks */,
			);
			runOnlyForDeploymentPostprocessing = 0;
		};
		341BEF4F1B163674006FB372 /* Frameworks */ = {
			isa = PBXFrameworksBuildPhase;
			buildActionMask = 2147483647;
			files = (
			);
			runOnlyForDeploymentPostprocessing = 0;
		};
/* End PBXFrameworksBuildPhase section */

/* Begin PBXGroup section */
		341BEF301B163674006FB372 = {
			isa = PBXGroup;
			children = (
				341BEF621B164DB4006FB372 /* AVFoundation.framework */,
				341BEF3B1B163674006FB372 /* Faction */,
				341BEF551B163674006FB372 /* FactionTests */,
				341BEF3A1B163674006FB372 /* Products */,
			);
			sourceTree = "<group>";
		};
		341BEF3A1B163674006FB372 /* Products */ = {
			isa = PBXGroup;
			children = (
				341BEF391B163674006FB372 /* Faction.app */,
				341BEF521B163674006FB372 /* FactionTests.xctest */,
			);
			name = Products;
			sourceTree = "<group>";
		};
		341BEF3B1B163674006FB372 /* Faction */ = {
			isa = PBXGroup;
			children = (
				34FCEC381B18FF6200B68EEC /* reverse_camera.png */,
				341BEF401B163674006FB372 /* AppDelegate.h */,
				341BEF411B163674006FB372 /* AppDelegate.m */,
				341BEF431B163674006FB372 /* ViewController.h */,
				341BEF441B163674006FB372 /* ViewController.m */,
				34FCEC351B18DA1700B68EEC /* ImageViewController.h */,
				34FCEC361B18DA1700B68EEC /* ImageViewController.m */,
				341BEF461B163674006FB372 /* Main.storyboard */,
				34FCEC331B18C27600B68EEC /* shutter.png */,
				341BEF491B163674006FB372 /* Images.xcassets */,
				341BEF4B1B163674006FB372 /* LaunchScreen.xib */,
				341BEF3C1B163674006FB372 /* Supporting Files */,
			);
			path = Faction;
			sourceTree = "<group>";
		};
		341BEF3C1B163674006FB372 /* Supporting Files */ = {
			isa = PBXGroup;
			children = (
				341BEF3D1B163674006FB372 /* Info.plist */,
				341BEF3E1B163674006FB372 /* main.m */,
			);
			name = "Supporting Files";
			sourceTree = "<group>";
		};
		341BEF551B163674006FB372 /* FactionTests */ = {
			isa = PBXGroup;
			children = (
				341BEF581B163674006FB372 /* FactionTests.m */,
				341BEF561B163674006FB372 /* Supporting Files */,
			);
			path = FactionTests;
			sourceTree = "<group>";
		};
		341BEF561B163674006FB372 /* Supporting Files */ = {
			isa = PBXGroup;
			children = (
				341BEF571B163674006FB372 /* Info.plist */,
			);
			name = "Supporting Files";
			sourceTree = "<group>";
		};
/* End PBXGroup section */

/* Begin PBXNativeTarget section */
		341BEF381B163674006FB372 /* Faction */ = {
			isa = PBXNativeTarget;
			buildConfigurationList = 341BEF5C1B163674006FB372 /* Build configuration list for PBXNativeTarget "Faction" */;
			buildPhases = (
				341BEF351B163674006FB372 /* Sources */,
				341BEF361B163674006FB372 /* Frameworks */,
				341BEF371B163674006FB372 /* Resources */,
			);
			buildRules = (
			);
			dependencies = (
			);
			name = Faction;
			productName = Faction;
			productReference = 341BEF391B163674006FB372 /* Faction.app */;
			productType = "com.apple.product-type.application";
		};
		341BEF511B163674006FB372 /* FactionTests */ = {
			isa = PBXNativeTarget;
			buildConfigurationList = 341BEF5F1B163674006FB372 /* Build configuration list for PBXNativeTarget "FactionTests" */;
			buildPhases = (
				341BEF4E1B163674006FB372 /* Sources */,
				341BEF4F1B163674006FB372 /* Frameworks */,
				341BEF501B163674006FB372 /* Resources */,
			);
			buildRules = (
			);
			dependencies = (
				341BEF541B163674006FB372 /* PBXTargetDependency */,
			);
			name = FactionTests;
			productName = FactionTests;
			productReference = 341BEF521B163674006FB372 /* FactionTests.xctest */;
			productType = "com.apple.product-type.bundle.unit-test";
		};
/* End PBXNativeTarget section */

/* Begin PBXProject section */
		341BEF311B163674006FB372 /* Project object */ = {
			isa = PBXProject;
			attributes = {
				LastUpgradeCheck = 0630;
				ORGANIZATIONNAME = "Sahil Gupta";
				TargetAttributes = {
					341BEF381B163674006FB372 = {
						CreatedOnToolsVersion = 6.3.2;
					};
					341BEF511B163674006FB372 = {
						CreatedOnToolsVersion = 6.3.2;
						TestTargetID = 341BEF381B163674006FB372;
					};
				};
			};
			buildConfigurationList = 341BEF341B163674006FB372 /* Build configuration list for PBXProject "Faction" */;
			compatibilityVersion = "Xcode 3.2";
			developmentRegion = English;
			hasScannedForEncodings = 0;
			knownRegions = (
				en,
				Base,
			);
			mainGroup = 341BEF301B163674006FB372;
			productRefGroup = 341BEF3A1B163674006FB372 /* Products */;
			projectDirPath = "";
			projectRoot = "";
			targets = (
				341BEF381B163674006FB372 /* Faction */,
				341BEF511B163674006FB372 /* FactionTests */,
			);
		};
/* End PBXProject section */

/* Begin PBXResourcesBuildPhase section */
		341BEF371B163674006FB372 /* Resources */ = {
			isa = PBXResourcesBuildPhase;
			buildActionMask = 2147483647;
			files = (
				341BEF481B163674006FB372 /* Main.storyboard in Resources */,
				34FCEC341B18C27600B68EEC /* shutter.png in Resources */,
				34FCEC391B18FF6200B68EEC /* reverse_camera.png in Resources */,
				341BEF4D1B163674006FB372 /* LaunchScreen.xib in Resources */,
				341BEF4A1B163674006FB372 /* Images.xcassets in Resources */,
			);
			runOnlyForDeploymentPostprocessing = 0;
		};
		341BEF501B163674006FB372 /* Resources */ = {
			isa = PBXResourcesBuildPhase;
			buildActionMask = 2147483647;
			files = (
			);
			runOnlyForDeploymentPostprocessing = 0;
		};
/* End PBXResourcesBuildPhase section */

/* Begin PBXSourcesBuildPhase section */
		341BEF351B163674006FB372 /* Sources */ = {
			isa = PBXSourcesBuildPhase;
			buildActionMask = 2147483647;
			files = (
				341BEF451B163674006FB372 /* ViewController.m in Sources */,
				341BEF421B163674006FB372 /* AppDelegate.m in Sources */,
				34FCEC371B18DA1700B68EEC /* ImageViewController.m in Sources */,
				341BEF3F1B163674006FB372 /* main.m in Sources */,
			);
			runOnlyForDeploymentPostprocessing = 0;
		};
		341BEF4E1B163674006FB372 /* Sources */ = {
			isa = PBXSourcesBuildPhase;
			buildActionMask = 2147483647;
			files = (
				341BEF591B163674006FB372 /* FactionTests.m in Sources */,
			);
			runOnlyForDeploymentPostprocessing = 0;
		};
/* End PBXSourcesBuildPhase section */

/* Begin PBXTargetDependency section */
		341BEF541B163674006FB372 /* PBXTargetDependency */ = {
			isa = PBXTargetDependency;
			target = 341BEF381B163674006FB372 /* Faction */;
			targetProxy = 341BEF531B163674006FB372 /* PBXContainerItemProxy */;
		};
/* End PBXTargetDependency section */

/* Begin PBXVariantGroup section */
		341BEF461B163674006FB372 /* Main.storyboard */ = {
			isa = PBXVariantGroup;
			children = (
				341BEF471B163674006FB372 /* Base */,
			);
			name = Main.storyboard;
			sourceTree = "<group>";
		};
		341BEF4B1B163674006FB372 /* LaunchScreen.xib */ = {
			isa = PBXVariantGroup;
			children = (
				341BEF4C1B163674006FB372 /* Base */,
			);
			name = LaunchScreen.xib;
			sourceTree = "<group>";
		};
/* End PBXVariantGroup section */

/* Begin XCBuildConfiguration section */
		341BEF5A1B163674006FB372 /* Debug */ = {
			isa = XCBuildConfiguration;
			buildSettings = {
				ALWAYS_SEARCH_USER_PATHS = NO;
				CLANG_CXX_LANGUAGE_STANDARD = "gnu++0x";
				CLANG_CXX_LIBRARY = "libc++";
				CLANG_ENABLE_MODULES = YES;
				CLANG_ENABLE_OBJC_ARC = YES;
				CLANG_WARN_BOOL_CONVERSION = YES;
				CLANG_WARN_CONSTANT_CONVERSION = YES;
				CLANG_WARN_DIRECT_OBJC_ISA_USAGE = YES_ERROR;
				CLANG_WARN_EMPTY_BODY = YES;
				CLANG_WARN_ENUM_CONVERSION = YES;
				CLANG_WARN_INT_CONVERSION = YES;
				CLANG_WARN_OBJC_ROOT_CLASS = YES_ERROR;
				CLANG_WARN_UNREACHABLE_CODE = YES;
				CLANG_WARN__DUPLICATE_METHOD_MATCH = YES;
				"CODE_SIGN_IDENTITY[sdk=iphoneos*]" = "iPhone Developer";
				COPY_PHASE_STRIP = NO;
				DEBUG_INFORMATION_FORMAT = "dwarf-with-dsym";
				ENABLE_STRICT_OBJC_MSGSEND = YES;
				GCC_C_LANGUAGE_STANDARD = gnu99;
				GCC_DYNAMIC_NO_PIC = NO;
				GCC_NO_COMMON_BLOCKS = YES;
				GCC_OPTIMIZATION_LEVEL = 0;
				GCC_PREPROCESSOR_DEFINITIONS = (
					"DEBUG=1",
					"$(inherited)",
				);
				GCC_SYMBOLS_PRIVATE_EXTERN = NO;
				GCC_WARN_64_TO_32_BIT_CONVERSION = YES;
				GCC_WARN_ABOUT_RETURN_TYPE = YES_ERROR;
				GCC_WARN_UNDECLARED_SELECTOR = YES;
				GCC_WARN_UNINITIALIZED_AUTOS = YES_AGGRESSIVE;
				GCC_WARN_UNUSED_FUNCTION = YES;
				GCC_WARN_UNUSED_VARIABLE = YES;
				IPHONEOS_DEPLOYMENT_TARGET = 8.3;
				MTL_ENABLE_DEBUG_INFO = YES;
				ONLY_ACTIVE_ARCH = YES;
				SDKROOT = iphoneos;
			};
			name = Debug;
		};
		341BEF5B1B163674006FB372 /* Release */ = {
			isa = XCBuildConfiguration;
			buildSettings = {
				ALWAYS_SEARCH_USER_PATHS = NO;
				CLANG_CXX_LANGUAGE_STANDARD = "gnu++0x";
				CLANG_CXX_LIBRARY = "libc++";
				CLANG_ENABLE_MODULES = YES;
				CLANG_ENABLE_OBJC_ARC = YES;
				CLANG_WARN_BOOL_CONVERSION = YES;
				CLANG_WARN_CONSTANT_CONVERSION = YES;
				CLANG_WARN_DIRECT_OBJC_ISA_USAGE = YES_ERROR;
				CLANG_WARN_EMPTY_BODY = YES;
				CLANG_WARN_ENUM_CONVERSION = YES;
				CLANG_WARN_INT_CONVERSION = YES;
				CLANG_WARN_OBJC_ROOT_CLASS = YES_ERROR;
				CLANG_WARN_UNREACHABLE_CODE = YES;
				CLANG_WARN__DUPLICATE_METHOD_MATCH = YES;
				"CODE_SIGN_IDENTITY[sdk=iphoneos*]" = "iPhone Developer";
				COPY_PHASE_STRIP = NO;
				DEBUG_INFORMATION_FORMAT = "dwarf-with-dsym";
				ENABLE_NS_ASSERTIONS = NO;
				ENABLE_STRICT_OBJC_MSGSEND = YES;
				GCC_C_LANGUAGE_STANDARD = gnu99;
				GCC_NO_COMMON_BLOCKS = YES;
				GCC_WARN_64_TO_32_BIT_CONVERSION = YES;
				GCC_WARN_ABOUT_RETURN_TYPE = YES_ERROR;
				GCC_WARN_UNDECLARED_SELECTOR = YES;
				GCC_WARN_UNINITIALIZED_AUTOS = YES_AGGRESSIVE;
				GCC_WARN_UNUSED_FUNCTION = YES;
				GCC_WARN_UNUSED_VARIABLE = YES;
				IPHONEOS_DEPLOYMENT_TARGET = 8.3;
				MTL_ENABLE_DEBUG_INFO = NO;
				SDKROOT = iphoneos;
				VALIDATE_PRODUCT = YES;
			};
			name = Release;
		};
		341BEF5D1B163674006FB372 /* Debug */ = {
			isa = XCBuildConfiguration;
			buildSettings = {
				ASSETCATALOG_COMPILER_APPICON_NAME = AppIcon;
				CLANG_ENABLE_OBJC_ARC = YES;
				INFOPLIST_FILE = Faction/Info.plist;
				LD_RUNPATH_SEARCH_PATHS = "$(inherited) @executable_path/Frameworks";
				PRODUCT_NAME = "$(TARGET_NAME)";
			};
			name = Debug;
		};
		341BEF5E1B163674006FB372 /* Release */ = {
			isa = XCBuildConfiguration;
			buildSettings = {
				ASSETCATALOG_COMPILER_APPICON_NAME = AppIcon;
				CLANG_ENABLE_OBJC_ARC = YES;
				INFOPLIST_FILE = Faction/Info.plist;
				LD_RUNPATH_SEARCH_PATHS = "$(inherited) @executable_path/Frameworks";
				PRODUCT_NAME = "$(TARGET_NAME)";
			};
			name = Release;
		};
		341BEF601B163674006FB372 /* Debug */ = {
			isa = XCBuildConfiguration;
			buildSettings = {
				BUNDLE_LOADER = "$(TEST_HOST)";
				FRAMEWORK_SEARCH_PATHS = (
					"$(SDKROOT)/Developer/Library/Frameworks",
					"$(inherited)",
				);
				GCC_PREPROCESSOR_DEFINITIONS = (
					"DEBUG=1",
					"$(inherited)",
				);
				INFOPLIST_FILE = FactionTests/Info.plist;
				LD_RUNPATH_SEARCH_PATHS = "$(inherited) @executable_path/Frameworks @loader_path/Frameworks";
				PRODUCT_NAME = "$(TARGET_NAME)";
				TEST_HOST = "$(BUILT_PRODUCTS_DIR)/Faction.app/Faction";
			};
			name = Debug;
		};
		341BEF611B163674006FB372 /* Release */ = {
			isa = XCBuildConfiguration;
			buildSettings = {
				BUNDLE_LOADER = "$(TEST_HOST)";
				FRAMEWORK_SEARCH_PATHS = (
					"$(SDKROOT)/Developer/Library/Frameworks",
					"$(inherited)",
				);
				INFOPLIST_FILE = FactionTests/Info.plist;
				LD_RUNPATH_SEARCH_PATHS = "$(inherited) @executable_path/Frameworks @loader_path/Frameworks";
				PRODUCT_NAME = "$(TARGET_NAME)";
				TEST_HOST = "$(BUILT_PRODUCTS_DIR)/Faction.app/Faction";
			};
			name = Release;
		};
/* End XCBuildConfiguration section */

/* Begin XCConfigurationList section */
		341BEF341B163674006FB372 /* Build configuration list for PBXProject "Faction" */ = {
			isa = XCConfigurationList;
			buildConfigurations = (
				341BEF5A1B163674006FB372 /* Debug */,
				341BEF5B1B163674006FB372 /* Release */,
			);
			defaultConfigurationIsVisible = 0;
			defaultConfigurationName = Release;
		};
		341BEF5C1B163674006FB372 /* Build configuration list for PBXNativeTarget "Faction" */ = {
			isa = XCConfigurationList;
			buildConfigurations = (
				341BEF5D1B163674006FB372 /* Debug */,
				341BEF5E1B163674006FB372 /* Release */,
			);
			defaultConfigurationIsVisible = 0;
			defaultConfigurationName = Release;
		};
		341BEF5F1B163674006FB372 /* Build configuration list for PBXNativeTarget "FactionTests" */ = {
			isa = XCConfigurationList;
			buildConfigurations = (
				341BEF601B163674006FB372 /* Debug */,
				341BEF611B163674006FB372 /* Release */,
			);
			defaultConfigurationIsVisible = 0;
			defaultConfigurationName = Release;
		};
/* End XCConfigurationList section */
	};
	rootObject = 341BEF311B163674006FB372 /* Project object */;
}
